
Microsoft Visual Studio Solution File, Format Version 12.00
# Visual Studio Version 16
VisualStudioVersion = 16.0.30804.86
MinimumVisualStudioVersion = 10.0.40219.1
Project("{FAE04EC0-301F-11D3-BF4B-00C04F79EFBC}") = "Platformer", "Platformer\Platformer.csproj", "{F6EE3849-B683-495D-821B-420F08915BED}"
EndProject
Global
	GlobalSection(SolutionConfigurationPlatforms) = preSolution
		Debug|Any CPU = Debug|Any CPU
		Release|Any CPU = Release|Any CPU
	EndGlobalSection
	GlobalSection(ProjectConfigurationPlatforms) = postSolution
		{F6EE3849-B683-495D-821B-420F08915BED}.Debug|Any CPU.ActiveCfg = Debug|Any CPU
		{F6EE3849-B683-495D-821B-420F08915BED}.Debug|Any CPU.Build.0 = Debug|Any CPU
		{F6EE3849-B683-495D-821B-420F08915BED}.Release|Any CPU.ActiveCfg = Release|Any CPU
		{F6EE3849-B683-495D-821B-420F08915BED}.Release|Any CPU.Build.0 = Release|Any CPU
	EndGlobalSection
	GlobalSection(SolutionProperties) = preSolution
		HideSolutionNode = FALSE
	EndGlobalSection
	GlobalSection(ExtensibilityGlobals) = postSolution
		SolutionGuid = {A9E700CD-4647-47B7-ADD4-0BB9C58D45E1}
	EndGlobalSection
EndGlobal
